
Microsoft Visual Studio Solution File, Format Version 12.00
# Visual Studio Version 17
VisualStudioVersion = 17.7.34024.191
MinimumVisualStudioVersion = 10.0.40219.1
Project("{9A19103F-16F7-4668-BE54-9A1E7A4F7556}") = "Horscht.Web", "Horscht.Web\Horscht.Web.csproj", "{874CC117-7B25-47EE-9EA0-51738DF942E0}"
EndProject
Project("{151D2E53-A2C4-4D7D-83FE-D05416EBD58E}") = "Horscht.Deployment", "Horscht.Deployment\Horscht.Deployment.deployproj", "{92871690-375B-4A73-BA6F-DFA0AA45DE08}"
EndProject
Project("{9A19103F-16F7-4668-BE54-9A1E7A4F7556}") = "Horscht.App", "Horscht.App\Horscht.App.csproj", "{808BBB4F-1C2D-4348-8432-403B7DD5F6BF}"
EndProject
Project("{9A19103F-16F7-4668-BE54-9A1E7A4F7556}") = "Horscht.Maui", "Horscht.Maui\Horscht.Maui.csproj", "{3DCAD12E-489B-46A7-916D-A852122FB1A6}"
EndProject
Project("{FAE04EC0-301F-11D3-BF4B-00C04F79EFBC}") = "Horscht.Logic", "Horscht.Logic\Horscht.Logic.csproj", "{BB7D49EF-43D4-4218-B060-46CAD95C37C8}"
EndProject
Project("{FAE04EC0-301F-11D3-BF4B-00C04F79EFBC}") = "Horscht.Contracts", "Horscht.Contracts\Horscht.Contracts.csproj", "{EC76B083-819B-4C24-B11C-639EC66600ED}"
EndProject
Global
	GlobalSection(SolutionConfigurationPlatforms) = preSolution
		Debug|Any CPU = Debug|Any CPU
		Release|Any CPU = Release|Any CPU
	EndGlobalSection
	GlobalSection(ProjectConfigurationPlatforms) = postSolution
		{874CC117-7B25-47EE-9EA0-51738DF942E0}.Debug|Any CPU.ActiveCfg = Debug|Any CPU
		{874CC117-7B25-47EE-9EA0-51738DF942E0}.Debug|Any CPU.Build.0 = Debug|Any CPU
		{874CC117-7B25-47EE-9EA0-51738DF942E0}.Release|Any CPU.ActiveCfg = Release|Any CPU
		{874CC117-7B25-47EE-9EA0-51738DF942E0}.Release|Any CPU.Build.0 = Release|Any CPU
		{92871690-375B-4A73-BA6F-DFA0AA45DE08}.Debug|Any CPU.ActiveCfg = Debug|Any CPU
		{92871690-375B-4A73-BA6F-DFA0AA45DE08}.Debug|Any CPU.Build.0 = Debug|Any CPU
		{92871690-375B-4A73-BA6F-DFA0AA45DE08}.Release|Any CPU.ActiveCfg = Release|Any CPU
		{92871690-375B-4A73-BA6F-DFA0AA45DE08}.Release|Any CPU.Build.0 = Release|Any CPU
		{808BBB4F-1C2D-4348-8432-403B7DD5F6BF}.Debug|Any CPU.ActiveCfg = Debug|Any CPU
		{808BBB4F-1C2D-4348-8432-403B7DD5F6BF}.Debug|Any CPU.Build.0 = Debug|Any CPU
		{808BBB4F-1C2D-4348-8432-403B7DD5F6BF}.Release|Any CPU.ActiveCfg = Release|Any CPU
		{808BBB4F-1C2D-4348-8432-403B7DD5F6BF}.Release|Any CPU.Build.0 = Release|Any CPU
		{3DCAD12E-489B-46A7-916D-A852122FB1A6}.Debug|Any CPU.ActiveCfg = Debug|Any CPU
		{3DCAD12E-489B-46A7-916D-A852122FB1A6}.Debug|Any CPU.Build.0 = Debug|Any CPU
		{3DCAD12E-489B-46A7-916D-A852122FB1A6}.Debug|Any CPU.Deploy.0 = Debug|Any CPU
		{3DCAD12E-489B-46A7-916D-A852122FB1A6}.Release|Any CPU.ActiveCfg = Release|Any CPU
		{3DCAD12E-489B-46A7-916D-A852122FB1A6}.Release|Any CPU.Build.0 = Release|Any CPU
		{3DCAD12E-489B-46A7-916D-A852122FB1A6}.Release|Any CPU.Deploy.0 = Release|Any CPU
		{BB7D49EF-43D4-4218-B060-46CAD95C37C8}.Debug|Any CPU.ActiveCfg = Debug|Any CPU
		{BB7D49EF-43D4-4218-B060-46CAD95C37C8}.Debug|Any CPU.Build.0 = Debug|Any CPU
		{BB7D49EF-43D4-4218-B060-46CAD95C37C8}.Release|Any CPU.ActiveCfg = Release|Any CPU
		{BB7D49EF-43D4-4218-B060-46CAD95C37C8}.Release|Any CPU.Build.0 = Release|Any CPU
		{EC76B083-819B-4C24-B11C-639EC66600ED}.Debug|Any CPU.ActiveCfg = Debug|Any CPU
		{EC76B083-819B-4C24-B11C-639EC66600ED}.Debug|Any CPU.Build.0 = Debug|Any CPU
		{EC76B083-819B-4C24-B11C-639EC66600ED}.Release|Any CPU.ActiveCfg = Release|Any CPU
		{EC76B083-819B-4C24-B11C-639EC66600ED}.Release|Any CPU.Build.0 = Release|Any CPU
	EndGlobalSection
	GlobalSection(SolutionProperties) = preSolution
		HideSolutionNode = FALSE
	EndGlobalSection
	GlobalSection(ExtensibilityGlobals) = postSolution
		SolutionGuid = {B6C0AFE8-8FBA-4258-989E-37CF79DD9534}
	EndGlobalSection
EndGlobal
