
Microsoft Visual Studio Solution File, Format Version 12.00
# Visual Studio Version 17
VisualStudioVersion = 17.7.34024.191
MinimumVisualStudioVersion = 10.0.40219.1
Project("{9A19103F-16F7-4668-BE54-9A1E7A4F7556}") = "Horscht.Web", "Horscht.Web\Horscht.Web.csproj", "{874CC117-7B25-47EE-9EA0-51738DF942E0}"
EndProject
Project("{9A19103F-16F7-4668-BE54-9A1E7A4F7556}") = "Horscht.App", "Horscht.App\Horscht.App.csproj", "{808BBB4F-1C2D-4348-8432-403B7DD5F6BF}"
EndProject
Project("{9A19103F-16F7-4668-BE54-9A1E7A4F7556}") = "Horscht.Logic", "Horscht.Logic\Horscht.Logic.csproj", "{BB7D49EF-43D4-4218-B060-46CAD95C37C8}"
EndProject
Project("{9A19103F-16F7-4668-BE54-9A1E7A4F7556}") = "Horscht.Contracts", "Horscht.Contracts\Horscht.Contracts.csproj", "{EC76B083-819B-4C24-B11C-639EC66600ED}"
EndProject
Project("{9A19103F-16F7-4668-BE54-9A1E7A4F7556}") = "Horscht.Importer", "Horscht.Importer\Horscht.Importer.csproj", "{ED9CA4DF-70BE-4C62-B550-0174057AA717}"
EndProject
Project("{2150E333-8FDC-42A3-9474-1A3956D46DE8}") = "Solution Items", "Solution Items", "{EE5C9EA8-92E4-4718-8C9A-E35E0E46ACEF}"
	ProjectSection(SolutionItems) = preProject
		.editorconfig = .editorconfig
		Directory.Packages.props = Directory.Packages.props
	EndProjectSection
EndProject
Project("{FAE04EC0-301F-11D3-BF4B-00C04F79EFBC}") = "Horscht.ServiceDefaults", "Horscht.ServiceDefaults\Horscht.ServiceDefaults.csproj", "{C50CCC6C-2AB1-439E-9EDA-F19E37F30A23}"
EndProject
Project("{FAE04EC0-301F-11D3-BF4B-00C04F79EFBC}") = "Horscht.AppHost", "Horscht.AppHost\Horscht.AppHost.csproj", "{829BA25B-B88A-4A89-9414-C9864A18BEE6}"
EndProject
Project("{FAE04EC0-301F-11D3-BF4B-00C04F79EFBC}") = "Horscht.Api", "Horscht.Api\Horscht.Api.csproj", "{3B15B180-BCDF-49C3-9C92-1ED18EE3B61E}"
EndProject
Global
	GlobalSection(SolutionConfigurationPlatforms) = preSolution
		Debug|Any CPU = Debug|Any CPU
		Debug|x64 = Debug|x64
		Debug|x86 = Debug|x86
		Release|Any CPU = Release|Any CPU
		Release|x64 = Release|x64
		Release|x86 = Release|x86
	EndGlobalSection
	GlobalSection(ProjectConfigurationPlatforms) = postSolution
		{874CC117-7B25-47EE-9EA0-51738DF942E0}.Debug|Any CPU.ActiveCfg = Debug|Any CPU
		{874CC117-7B25-47EE-9EA0-51738DF942E0}.Debug|Any CPU.Build.0 = Debug|Any CPU
		{874CC117-7B25-47EE-9EA0-51738DF942E0}.Debug|x64.ActiveCfg = Debug|Any CPU
		{874CC117-7B25-47EE-9EA0-51738DF942E0}.Debug|x64.Build.0 = Debug|Any CPU
		{874CC117-7B25-47EE-9EA0-51738DF942E0}.Debug|x86.ActiveCfg = Debug|Any CPU
		{874CC117-7B25-47EE-9EA0-51738DF942E0}.Debug|x86.Build.0 = Debug|Any CPU
		{874CC117-7B25-47EE-9EA0-51738DF942E0}.Release|Any CPU.ActiveCfg = Release|Any CPU
		{874CC117-7B25-47EE-9EA0-51738DF942E0}.Release|Any CPU.Build.0 = Release|Any CPU
		{874CC117-7B25-47EE-9EA0-51738DF942E0}.Release|x64.ActiveCfg = Release|Any CPU
		{874CC117-7B25-47EE-9EA0-51738DF942E0}.Release|x64.Build.0 = Release|Any CPU
		{874CC117-7B25-47EE-9EA0-51738DF942E0}.Release|x86.ActiveCfg = Release|Any CPU
		{874CC117-7B25-47EE-9EA0-51738DF942E0}.Release|x86.Build.0 = Release|Any CPU
		{808BBB4F-1C2D-4348-8432-403B7DD5F6BF}.Debug|Any CPU.ActiveCfg = Debug|Any CPU
		{808BBB4F-1C2D-4348-8432-403B7DD5F6BF}.Debug|Any CPU.Build.0 = Debug|Any CPU
		{808BBB4F-1C2D-4348-8432-403B7DD5F6BF}.Debug|x64.ActiveCfg = Debug|Any CPU
		{808BBB4F-1C2D-4348-8432-403B7DD5F6BF}.Debug|x64.Build.0 = Debug|Any CPU
		{808BBB4F-1C2D-4348-8432-403B7DD5F6BF}.Debug|x86.ActiveCfg = Debug|Any CPU
		{808BBB4F-1C2D-4348-8432-403B7DD5F6BF}.Debug|x86.Build.0 = Debug|Any CPU
		{808BBB4F-1C2D-4348-8432-403B7DD5F6BF}.Release|Any CPU.ActiveCfg = Release|Any CPU
		{808BBB4F-1C2D-4348-8432-403B7DD5F6BF}.Release|Any CPU.Build.0 = Release|Any CPU
		{808BBB4F-1C2D-4348-8432-403B7DD5F6BF}.Release|x64.ActiveCfg = Release|Any CPU
		{808BBB4F-1C2D-4348-8432-403B7DD5F6BF}.Release|x64.Build.0 = Release|Any CPU
		{808BBB4F-1C2D-4348-8432-403B7DD5F6BF}.Release|x86.ActiveCfg = Release|Any CPU
		{808BBB4F-1C2D-4348-8432-403B7DD5F6BF}.Release|x86.Build.0 = Release|Any CPU
		{BB7D49EF-43D4-4218-B060-46CAD95C37C8}.Debug|Any CPU.ActiveCfg = Debug|Any CPU
		{BB7D49EF-43D4-4218-B060-46CAD95C37C8}.Debug|Any CPU.Build.0 = Debug|Any CPU
		{BB7D49EF-43D4-4218-B060-46CAD95C37C8}.Debug|x64.ActiveCfg = Debug|Any CPU
		{BB7D49EF-43D4-4218-B060-46CAD95C37C8}.Debug|x64.Build.0 = Debug|Any CPU
		{BB7D49EF-43D4-4218-B060-46CAD95C37C8}.Debug|x86.ActiveCfg = Debug|Any CPU
		{BB7D49EF-43D4-4218-B060-46CAD95C37C8}.Debug|x86.Build.0 = Debug|Any CPU
		{BB7D49EF-43D4-4218-B060-46CAD95C37C8}.Release|Any CPU.ActiveCfg = Release|Any CPU
		{BB7D49EF-43D4-4218-B060-46CAD95C37C8}.Release|Any CPU.Build.0 = Release|Any CPU
		{BB7D49EF-43D4-4218-B060-46CAD95C37C8}.Release|x64.ActiveCfg = Release|Any CPU
		{BB7D49EF-43D4-4218-B060-46CAD95C37C8}.Release|x64.Build.0 = Release|Any CPU
		{BB7D49EF-43D4-4218-B060-46CAD95C37C8}.Release|x86.ActiveCfg = Release|Any CPU
		{BB7D49EF-43D4-4218-B060-46CAD95C37C8}.Release|x86.Build.0 = Release|Any CPU
		{EC76B083-819B-4C24-B11C-639EC66600ED}.Debug|Any CPU.ActiveCfg = Debug|Any CPU
		{EC76B083-819B-4C24-B11C-639EC66600ED}.Debug|Any CPU.Build.0 = Debug|Any CPU
		{EC76B083-819B-4C24-B11C-639EC66600ED}.Debug|x64.ActiveCfg = Debug|Any CPU
		{EC76B083-819B-4C24-B11C-639EC66600ED}.Debug|x64.Build.0 = Debug|Any CPU
		{EC76B083-819B-4C24-B11C-639EC66600ED}.Debug|x86.ActiveCfg = Debug|Any CPU
		{EC76B083-819B-4C24-B11C-639EC66600ED}.Debug|x86.Build.0 = Debug|Any CPU
		{EC76B083-819B-4C24-B11C-639EC66600ED}.Release|Any CPU.ActiveCfg = Release|Any CPU
		{EC76B083-819B-4C24-B11C-639EC66600ED}.Release|Any CPU.Build.0 = Release|Any CPU
		{EC76B083-819B-4C24-B11C-639EC66600ED}.Release|x64.ActiveCfg = Release|Any CPU
		{EC76B083-819B-4C24-B11C-639EC66600ED}.Release|x64.Build.0 = Release|Any CPU
		{EC76B083-819B-4C24-B11C-639EC66600ED}.Release|x86.ActiveCfg = Release|Any CPU
		{EC76B083-819B-4C24-B11C-639EC66600ED}.Release|x86.Build.0 = Release|Any CPU
		{ED9CA4DF-70BE-4C62-B550-0174057AA717}.Debug|Any CPU.ActiveCfg = Debug|Any CPU
		{ED9CA4DF-70BE-4C62-B550-0174057AA717}.Debug|Any CPU.Build.0 = Debug|Any CPU
		{ED9CA4DF-70BE-4C62-B550-0174057AA717}.Debug|x64.ActiveCfg = Debug|Any CPU
		{ED9CA4DF-70BE-4C62-B550-0174057AA717}.Debug|x64.Build.0 = Debug|Any CPU
		{ED9CA4DF-70BE-4C62-B550-0174057AA717}.Debug|x86.ActiveCfg = Debug|Any CPU
		{ED9CA4DF-70BE-4C62-B550-0174057AA717}.Debug|x86.Build.0 = Debug|Any CPU
		{ED9CA4DF-70BE-4C62-B550-0174057AA717}.Release|Any CPU.ActiveCfg = Release|Any CPU
		{ED9CA4DF-70BE-4C62-B550-0174057AA717}.Release|Any CPU.Build.0 = Release|Any CPU
		{ED9CA4DF-70BE-4C62-B550-0174057AA717}.Release|x64.ActiveCfg = Release|Any CPU
		{ED9CA4DF-70BE-4C62-B550-0174057AA717}.Release|x64.Build.0 = Release|Any CPU
		{ED9CA4DF-70BE-4C62-B550-0174057AA717}.Release|x86.ActiveCfg = Release|Any CPU
		{ED9CA4DF-70BE-4C62-B550-0174057AA717}.Release|x86.Build.0 = Release|Any CPU
		{C50CCC6C-2AB1-439E-9EDA-F19E37F30A23}.Debug|Any CPU.ActiveCfg = Debug|Any CPU
		{C50CCC6C-2AB1-439E-9EDA-F19E37F30A23}.Debug|Any CPU.Build.0 = Debug|Any CPU
		{C50CCC6C-2AB1-439E-9EDA-F19E37F30A23}.Debug|x64.ActiveCfg = Debug|Any CPU
		{C50CCC6C-2AB1-439E-9EDA-F19E37F30A23}.Debug|x64.Build.0 = Debug|Any CPU
		{C50CCC6C-2AB1-439E-9EDA-F19E37F30A23}.Debug|x86.ActiveCfg = Debug|Any CPU
		{C50CCC6C-2AB1-439E-9EDA-F19E37F30A23}.Debug|x86.Build.0 = Debug|Any CPU
		{C50CCC6C-2AB1-439E-9EDA-F19E37F30A23}.Release|Any CPU.ActiveCfg = Release|Any CPU
		{C50CCC6C-2AB1-439E-9EDA-F19E37F30A23}.Release|Any CPU.Build.0 = Release|Any CPU
		{C50CCC6C-2AB1-439E-9EDA-F19E37F30A23}.Release|x64.ActiveCfg = Release|Any CPU
		{C50CCC6C-2AB1-439E-9EDA-F19E37F30A23}.Release|x64.Build.0 = Release|Any CPU
		{C50CCC6C-2AB1-439E-9EDA-F19E37F30A23}.Release|x86.ActiveCfg = Release|Any CPU
		{C50CCC6C-2AB1-439E-9EDA-F19E37F30A23}.Release|x86.Build.0 = Release|Any CPU
		{829BA25B-B88A-4A89-9414-C9864A18BEE6}.Debug|Any CPU.ActiveCfg = Debug|Any CPU
		{829BA25B-B88A-4A89-9414-C9864A18BEE6}.Debug|Any CPU.Build.0 = Debug|Any CPU
		{829BA25B-B88A-4A89-9414-C9864A18BEE6}.Debug|x64.ActiveCfg = Debug|Any CPU
		{829BA25B-B88A-4A89-9414-C9864A18BEE6}.Debug|x64.Build.0 = Debug|Any CPU
		{829BA25B-B88A-4A89-9414-C9864A18BEE6}.Debug|x86.ActiveCfg = Debug|Any CPU
		{829BA25B-B88A-4A89-9414-C9864A18BEE6}.Debug|x86.Build.0 = Debug|Any CPU
		{829BA25B-B88A-4A89-9414-C9864A18BEE6}.Release|Any CPU.ActiveCfg = Release|Any CPU
		{829BA25B-B88A-4A89-9414-C9864A18BEE6}.Release|Any CPU.Build.0 = Release|Any CPU
		{829BA25B-B88A-4A89-9414-C9864A18BEE6}.Release|x64.ActiveCfg = Release|Any CPU
		{829BA25B-B88A-4A89-9414-C9864A18BEE6}.Release|x64.Build.0 = Release|Any CPU
		{829BA25B-B88A-4A89-9414-C9864A18BEE6}.Release|x86.ActiveCfg = Release|Any CPU
		{829BA25B-B88A-4A89-9414-C9864A18BEE6}.Release|x86.Build.0 = Release|Any CPU
		{3B15B180-BCDF-49C3-9C92-1ED18EE3B61E}.Debug|Any CPU.ActiveCfg = Debug|Any CPU
		{3B15B180-BCDF-49C3-9C92-1ED18EE3B61E}.Debug|Any CPU.Build.0 = Debug|Any CPU
		{3B15B180-BCDF-49C3-9C92-1ED18EE3B61E}.Debug|x64.ActiveCfg = Debug|Any CPU
		{3B15B180-BCDF-49C3-9C92-1ED18EE3B61E}.Debug|x64.Build.0 = Debug|Any CPU
		{3B15B180-BCDF-49C3-9C92-1ED18EE3B61E}.Debug|x86.ActiveCfg = Debug|Any CPU
		{3B15B180-BCDF-49C3-9C92-1ED18EE3B61E}.Debug|x86.Build.0 = Debug|Any CPU
		{3B15B180-BCDF-49C3-9C92-1ED18EE3B61E}.Release|Any CPU.ActiveCfg = Release|Any CPU
		{3B15B180-BCDF-49C3-9C92-1ED18EE3B61E}.Release|Any CPU.Build.0 = Release|Any CPU
		{3B15B180-BCDF-49C3-9C92-1ED18EE3B61E}.Release|x64.ActiveCfg = Release|Any CPU
		{3B15B180-BCDF-49C3-9C92-1ED18EE3B61E}.Release|x64.Build.0 = Release|Any CPU
		{3B15B180-BCDF-49C3-9C92-1ED18EE3B61E}.Release|x86.ActiveCfg = Release|Any CPU
		{3B15B180-BCDF-49C3-9C92-1ED18EE3B61E}.Release|x86.Build.0 = Release|Any CPU
	EndGlobalSection
	GlobalSection(SolutionProperties) = preSolution
		HideSolutionNode = FALSE
	EndGlobalSection
	GlobalSection(ExtensibilityGlobals) = postSolution
		SolutionGuid = {B6C0AFE8-8FBA-4258-989E-37CF79DD9534}
	EndGlobalSection
EndGlobal
